// !$*UTF8*$!
{
	archiveVersion = 1;
	classes = {
	};
	objectVersion = 46;
	objects = {

/* Begin PBXBuildFile section */
		2CCA0CAA1ED209E9000287D3 /* AppDelegate.swift in Sources */ = {isa = PBXBuildFile; fileRef = 2CCA0CA91ED209E9000287D3 /* AppDelegate.swift */; };
		2CCA0CAF1ED209E9000287D3 /* Main.storyboard in Resources */ = {isa = PBXBuildFile; fileRef = 2CCA0CAD1ED209E9000287D3 /* Main.storyboard */; };
		2CCA0CB11ED209E9000287D3 /* Assets.xcassets in Resources */ = {isa = PBXBuildFile; fileRef = 2CCA0CB01ED209E9000287D3 /* Assets.xcassets */; };
		2CCA0CB41ED209E9000287D3 /* LaunchScreen.storyboard in Resources */ = {isa = PBXBuildFile; fileRef = 2CCA0CB21ED209E9000287D3 /* LaunchScreen.storyboard */; };
		2CCA0CC51ED20B67000287D3 /* NearbyPlacesListView.swift in Sources */ = {isa = PBXBuildFile; fileRef = 2CCA0CC41ED20B67000287D3 /* NearbyPlacesListView.swift */; };
		2CCA0CC81ED20B82000287D3 /* NearbyPlacesListViewInterface.swift in Sources */ = {isa = PBXBuildFile; fileRef = 2CCA0CC71ED20B82000287D3 /* NearbyPlacesListViewInterface.swift */; };
		2CCA0CCA1ED20E79000287D3 /* NearbyPlacesListViewPresenter.swift in Sources */ = {isa = PBXBuildFile; fileRef = 2CCA0CC91ED20E79000287D3 /* NearbyPlacesListViewPresenter.swift */; };
		2CCA0CCD1ED20E8D000287D3 /* NearbyPlacesListViewPresenterInterface.swift in Sources */ = {isa = PBXBuildFile; fileRef = 2CCA0CCC1ED20E8D000287D3 /* NearbyPlacesListViewPresenterInterface.swift */; };
		2CCA0CCF1ED20EED000287D3 /* NearbyPlacesListViewFactory.swift in Sources */ = {isa = PBXBuildFile; fileRef = 2CCA0CCE1ED20EED000287D3 /* NearbyPlacesListViewFactory.swift */; };
		2CCA0CD31ED21B12000287D3 /* NearbyPlacesListViewCell.swift in Sources */ = {isa = PBXBuildFile; fileRef = 2CCA0CD11ED21B12000287D3 /* NearbyPlacesListViewCell.swift */; };
		2CCA0CD41ED21B12000287D3 /* NearbyPlacesListViewCell.xib in Resources */ = {isa = PBXBuildFile; fileRef = 2CCA0CD21ED21B12000287D3 /* NearbyPlacesListViewCell.xib */; };
		2CCA0CD71ED21CEB000287D3 /* NearbyPlacesListViewCollectionLayout.swift in Sources */ = {isa = PBXBuildFile; fileRef = 2CCA0CD61ED21CEB000287D3 /* NearbyPlacesListViewCollectionLayout.swift */; };
		2CCA0CDE1ED234DF000287D3 /* NearbyPlacesDataStore.swift in Sources */ = {isa = PBXBuildFile; fileRef = 2CCA0CDD1ED234DF000287D3 /* NearbyPlacesDataStore.swift */; };
		2CCA0CE21ED23508000287D3 /* NearbyPlacesDataStoreInterface.swift in Sources */ = {isa = PBXBuildFile; fileRef = 2CCA0CE11ED23508000287D3 /* NearbyPlacesDataStoreInterface.swift */; };
		2CCA0CE41ED23542000287D3 /* NearbyPlacesRepository.swift in Sources */ = {isa = PBXBuildFile; fileRef = 2CCA0CE31ED23542000287D3 /* NearbyPlacesRepository.swift */; };
		2CCA0CE61ED23559000287D3 /* NearbyPlacesEntity.swift in Sources */ = {isa = PBXBuildFile; fileRef = 2CCA0CE51ED23559000287D3 /* NearbyPlacesEntity.swift */; };
		2CCA0CE81ED23568000287D3 /* NearbyPlacesFactory.swift in Sources */ = {isa = PBXBuildFile; fileRef = 2CCA0CE71ED23568000287D3 /* NearbyPlacesFactory.swift */; };
		2CCA0CEB1ED23824000287D3 /* NearbyPlacesAppDefaults.swift in Sources */ = {isa = PBXBuildFile; fileRef = 2CCA0CEA1ED23824000287D3 /* NearbyPlacesAppDefaults.swift */; };
		A14AE67D11A055CCC417861D /* Pods_nearby_places.framework in Frameworks */ = {isa = PBXBuildFile; fileRef = 6751960599811A84DFE47F9D /* Pods_nearby_places.framework */; };
/* End PBXBuildFile section */

/* Begin PBXFileReference section */
		0148072CCB51971D5DBFF0AA /* Pods-nearby-places.debug.xcconfig */ = {isa = PBXFileReference; includeInIndex = 1; lastKnownFileType = text.xcconfig; name = "Pods-nearby-places.debug.xcconfig"; path = "Pods/Target Support Files/Pods-nearby-places/Pods-nearby-places.debug.xcconfig"; sourceTree = "<group>"; };
		2CCA0CA61ED209E9000287D3 /* nearby-places.app */ = {isa = PBXFileReference; explicitFileType = wrapper.application; includeInIndex = 0; path = "nearby-places.app"; sourceTree = BUILT_PRODUCTS_DIR; };
		2CCA0CA91ED209E9000287D3 /* AppDelegate.swift */ = {isa = PBXFileReference; lastKnownFileType = sourcecode.swift; path = AppDelegate.swift; sourceTree = "<group>"; };
		2CCA0CAE1ED209E9000287D3 /* Base */ = {isa = PBXFileReference; lastKnownFileType = file.storyboard; name = Base; path = Base.lproj/Main.storyboard; sourceTree = "<group>"; };
		2CCA0CB01ED209E9000287D3 /* Assets.xcassets */ = {isa = PBXFileReference; lastKnownFileType = folder.assetcatalog; path = Assets.xcassets; sourceTree = "<group>"; };
		2CCA0CB31ED209E9000287D3 /* Base */ = {isa = PBXFileReference; lastKnownFileType = file.storyboard; name = Base; path = Base.lproj/LaunchScreen.storyboard; sourceTree = "<group>"; };
		2CCA0CB51ED209E9000287D3 /* Info.plist */ = {isa = PBXFileReference; lastKnownFileType = text.plist.xml; path = Info.plist; sourceTree = "<group>"; };
		2CCA0CC41ED20B67000287D3 /* NearbyPlacesListView.swift */ = {isa = PBXFileReference; fileEncoding = 4; lastKnownFileType = sourcecode.swift; path = NearbyPlacesListView.swift; sourceTree = "<group>"; };
		2CCA0CC71ED20B82000287D3 /* NearbyPlacesListViewInterface.swift */ = {isa = PBXFileReference; fileEncoding = 4; lastKnownFileType = sourcecode.swift; path = NearbyPlacesListViewInterface.swift; sourceTree = "<group>"; };
		2CCA0CC91ED20E79000287D3 /* NearbyPlacesListViewPresenter.swift */ = {isa = PBXFileReference; fileEncoding = 4; lastKnownFileType = sourcecode.swift; path = NearbyPlacesListViewPresenter.swift; sourceTree = "<group>"; };
		2CCA0CCC1ED20E8D000287D3 /* NearbyPlacesListViewPresenterInterface.swift */ = {isa = PBXFileReference; fileEncoding = 4; lastKnownFileType = sourcecode.swift; path = NearbyPlacesListViewPresenterInterface.swift; sourceTree = "<group>"; };
		2CCA0CCE1ED20EED000287D3 /* NearbyPlacesListViewFactory.swift */ = {isa = PBXFileReference; fileEncoding = 4; lastKnownFileType = sourcecode.swift; path = NearbyPlacesListViewFactory.swift; sourceTree = "<group>"; };
		2CCA0CD11ED21B12000287D3 /* NearbyPlacesListViewCell.swift */ = {isa = PBXFileReference; fileEncoding = 4; lastKnownFileType = sourcecode.swift; path = NearbyPlacesListViewCell.swift; sourceTree = "<group>"; };
		2CCA0CD21ED21B12000287D3 /* NearbyPlacesListViewCell.xib */ = {isa = PBXFileReference; fileEncoding = 4; lastKnownFileType = file.xib; path = NearbyPlacesListViewCell.xib; sourceTree = "<group>"; };
		2CCA0CD61ED21CEB000287D3 /* NearbyPlacesListViewCollectionLayout.swift */ = {isa = PBXFileReference; fileEncoding = 4; lastKnownFileType = sourcecode.swift; path = NearbyPlacesListViewCollectionLayout.swift; sourceTree = "<group>"; };
		2CCA0CDD1ED234DF000287D3 /* NearbyPlacesDataStore.swift */ = {isa = PBXFileReference; fileEncoding = 4; lastKnownFileType = sourcecode.swift; path = NearbyPlacesDataStore.swift; sourceTree = "<group>"; };
		2CCA0CE11ED23508000287D3 /* NearbyPlacesDataStoreInterface.swift */ = {isa = PBXFileReference; fileEncoding = 4; lastKnownFileType = sourcecode.swift; path = NearbyPlacesDataStoreInterface.swift; sourceTree = "<group>"; };
		2CCA0CE31ED23542000287D3 /* NearbyPlacesRepository.swift */ = {isa = PBXFileReference; fileEncoding = 4; lastKnownFileType = sourcecode.swift; path = NearbyPlacesRepository.swift; sourceTree = "<group>"; };
		2CCA0CE51ED23559000287D3 /* NearbyPlacesEntity.swift */ = {isa = PBXFileReference; fileEncoding = 4; lastKnownFileType = sourcecode.swift; path = NearbyPlacesEntity.swift; sourceTree = "<group>"; };
		2CCA0CE71ED23568000287D3 /* NearbyPlacesFactory.swift */ = {isa = PBXFileReference; fileEncoding = 4; lastKnownFileType = sourcecode.swift; path = NearbyPlacesFactory.swift; sourceTree = "<group>"; };
		2CCA0CEA1ED23824000287D3 /* NearbyPlacesAppDefaults.swift */ = {isa = PBXFileReference; fileEncoding = 4; lastKnownFileType = sourcecode.swift; path = NearbyPlacesAppDefaults.swift; sourceTree = "<group>"; };
		6751960599811A84DFE47F9D /* Pods_nearby_places.framework */ = {isa = PBXFileReference; explicitFileType = wrapper.framework; includeInIndex = 0; path = Pods_nearby_places.framework; sourceTree = BUILT_PRODUCTS_DIR; };
		C5F5F87A35555E87770DDCCF /* Pods-nearby-places.release.xcconfig */ = {isa = PBXFileReference; includeInIndex = 1; lastKnownFileType = text.xcconfig; name = "Pods-nearby-places.release.xcconfig"; path = "Pods/Target Support Files/Pods-nearby-places/Pods-nearby-places.release.xcconfig"; sourceTree = "<group>"; };
/* End PBXFileReference section */

/* Begin PBXFrameworksBuildPhase section */
		2CCA0CA31ED209E8000287D3 /* Frameworks */ = {
			isa = PBXFrameworksBuildPhase;
			buildActionMask = 2147483647;
			files = (
				A14AE67D11A055CCC417861D /* Pods_nearby_places.framework in Frameworks */,
			);
			runOnlyForDeploymentPostprocessing = 0;
		};
/* End PBXFrameworksBuildPhase section */

/* Begin PBXGroup section */
		2CCA0C9D1ED209E8000287D3 = {
			isa = PBXGroup;
			children = (
				2CCA0CA81ED209E9000287D3 /* nearby-places */,
				2CCA0CA71ED209E9000287D3 /* Products */,
				45C8C70DC48518ED504E98BE /* Pods */,
				728A3B73F9F0050BAE7D51E7 /* Frameworks */,
			);
			sourceTree = "<group>";
		};
		2CCA0CA71ED209E9000287D3 /* Products */ = {
			isa = PBXGroup;
			children = (
				2CCA0CA61ED209E9000287D3 /* nearby-places.app */,
			);
			name = Products;
			sourceTree = "<group>";
		};
		2CCA0CA81ED209E9000287D3 /* nearby-places */ = {
			isa = PBXGroup;
			children = (
				2CCA0CBD1ED20A07000287D3 /* Utilities */,
				2CCA0CBC1ED20A01000287D3 /* Modules */,
				2CCA0CBB1ED209F9000287D3 /* Views */,
				2CCA0CC01ED20A62000287D3 /* Resources */,
				2CCA0CA91ED209E9000287D3 /* AppDelegate.swift */,
				2CCA0CB51ED209E9000287D3 /* Info.plist */,
			);
			path = "nearby-places";
			sourceTree = "<group>";
		};
		2CCA0CBB1ED209F9000287D3 /* Views */ = {
			isa = PBXGroup;
			children = (
				2CCA0CB21ED209E9000287D3 /* LaunchScreen.storyboard */,
				2CCA0CAD1ED209E9000287D3 /* Main.storyboard */,
				2CCA0CBE1ED20A1A000287D3 /* List */,
				2CCA0CBF1ED20A2B000287D3 /* Detail */,
			);
			name = Views;
			sourceTree = "<group>";
		};
		2CCA0CBC1ED20A01000287D3 /* Modules */ = {
			isa = PBXGroup;
			children = (
				2CCA0CD81ED23499000287D3 /* NearbyPlaces */,
			);
			name = Modules;
			sourceTree = "<group>";
		};
		2CCA0CBD1ED20A07000287D3 /* Utilities */ = {
			isa = PBXGroup;
			children = (
				2CCA0CE91ED23806000287D3 /* AppDefaults */,
			);
			name = Utilities;
			sourceTree = "<group>";
		};
		2CCA0CBE1ED20A1A000287D3 /* List */ = {
			isa = PBXGroup;
			children = (
				2CCA0CC31ED20AB9000287D3 /* Factory */,
				2CCA0CC21ED20AB3000287D3 /* Presenter */,
				2CCA0CC11ED20AAE000287D3 /* View */,
			);
			name = List;
			sourceTree = "<group>";
		};
		2CCA0CBF1ED20A2B000287D3 /* Detail */ = {
			isa = PBXGroup;
			children = (
			);
			name = Detail;
			sourceTree = "<group>";
		};
		2CCA0CC01ED20A62000287D3 /* Resources */ = {
			isa = PBXGroup;
			children = (
				2CCA0CB01ED209E9000287D3 /* Assets.xcassets */,
			);
			name = Resources;
			sourceTree = "<group>";
		};
		2CCA0CC11ED20AAE000287D3 /* View */ = {
			isa = PBXGroup;
			children = (
				2CCA0CD51ED21C9E000287D3 /* CollectionViewLayout */,
				2CCA0CD01ED21AE6000287D3 /* CollectionViewCell */,
				2CCA0CC61ED20B73000287D3 /* Interface */,
				2CCA0CC41ED20B67000287D3 /* NearbyPlacesListView.swift */,
			);
			name = View;
			sourceTree = "<group>";
		};
		2CCA0CC21ED20AB3000287D3 /* Presenter */ = {
			isa = PBXGroup;
			children = (
				2CCA0CCB1ED20E81000287D3 /* Interface */,
				2CCA0CC91ED20E79000287D3 /* NearbyPlacesListViewPresenter.swift */,
			);
			name = Presenter;
			sourceTree = "<group>";
		};
		2CCA0CC31ED20AB9000287D3 /* Factory */ = {
			isa = PBXGroup;
			children = (
				2CCA0CCE1ED20EED000287D3 /* NearbyPlacesListViewFactory.swift */,
			);
			name = Factory;
			sourceTree = "<group>";
		};
		2CCA0CC61ED20B73000287D3 /* Interface */ = {
			isa = PBXGroup;
			children = (
				2CCA0CC71ED20B82000287D3 /* NearbyPlacesListViewInterface.swift */,
			);
			name = Interface;
			sourceTree = "<group>";
		};
		2CCA0CCB1ED20E81000287D3 /* Interface */ = {
			isa = PBXGroup;
			children = (
				2CCA0CCC1ED20E8D000287D3 /* NearbyPlacesListViewPresenterInterface.swift */,
			);
			name = Interface;
			sourceTree = "<group>";
		};
		2CCA0CD01ED21AE6000287D3 /* CollectionViewCell */ = {
			isa = PBXGroup;
			children = (
				2CCA0CD21ED21B12000287D3 /* NearbyPlacesListViewCell.xib */,
				2CCA0CD11ED21B12000287D3 /* NearbyPlacesListViewCell.swift */,
			);
			name = CollectionViewCell;
			sourceTree = "<group>";
		};
		2CCA0CD51ED21C9E000287D3 /* CollectionViewLayout */ = {
			isa = PBXGroup;
			children = (
				2CCA0CD61ED21CEB000287D3 /* NearbyPlacesListViewCollectionLayout.swift */,
			);
			name = CollectionViewLayout;
			sourceTree = "<group>";
		};
		2CCA0CD81ED23499000287D3 /* NearbyPlaces */ = {
			isa = PBXGroup;
			children = (
				2CCA0CDC1ED234C0000287D3 /* Factory */,
				2CCA0CDB1ED234BB000287D3 /* Entity */,
				2CCA0CDA1ED234B0000287D3 /* Repository */,
				2CCA0CD91ED234A7000287D3 /* DataStore */,
			);
			name = NearbyPlaces;
			sourceTree = "<group>";
		};
		2CCA0CD91ED234A7000287D3 /* DataStore */ = {
			isa = PBXGroup;
			children = (
				2CCA0CDF1ED234E4000287D3 /* Interface */,
				2CCA0CDD1ED234DF000287D3 /* NearbyPlacesDataStore.swift */,
			);
			name = DataStore;
			sourceTree = "<group>";
		};
		2CCA0CDA1ED234B0000287D3 /* Repository */ = {
			isa = PBXGroup;
			children = (
				2CCA0CE31ED23542000287D3 /* NearbyPlacesRepository.swift */,
			);
			name = Repository;
			sourceTree = "<group>";
		};
		2CCA0CDB1ED234BB000287D3 /* Entity */ = {
			isa = PBXGroup;
			children = (
				2CCA0CE51ED23559000287D3 /* NearbyPlacesEntity.swift */,
			);
			name = Entity;
			sourceTree = "<group>";
		};
		2CCA0CDC1ED234C0000287D3 /* Factory */ = {
			isa = PBXGroup;
			children = (
				2CCA0CE71ED23568000287D3 /* NearbyPlacesFactory.swift */,
			);
			name = Factory;
			sourceTree = "<group>";
		};
		2CCA0CDF1ED234E4000287D3 /* Interface */ = {
			isa = PBXGroup;
			children = (
				2CCA0CE11ED23508000287D3 /* NearbyPlacesDataStoreInterface.swift */,
			);
			name = Interface;
			sourceTree = "<group>";
		};
		2CCA0CE91ED23806000287D3 /* AppDefaults */ = {
			isa = PBXGroup;
			children = (
				2CCA0CEA1ED23824000287D3 /* NearbyPlacesAppDefaults.swift */,
			);
			name = AppDefaults;
			sourceTree = "<group>";
		};
		45C8C70DC48518ED504E98BE /* Pods */ = {
			isa = PBXGroup;
			children = (
				0148072CCB51971D5DBFF0AA /* Pods-nearby-places.debug.xcconfig */,
				C5F5F87A35555E87770DDCCF /* Pods-nearby-places.release.xcconfig */,
			);
			name = Pods;
			sourceTree = "<group>";
		};
		728A3B73F9F0050BAE7D51E7 /* Frameworks */ = {
			isa = PBXGroup;
			children = (
				6751960599811A84DFE47F9D /* Pods_nearby_places.framework */,
			);
			name = Frameworks;
			sourceTree = "<group>";
		};
/* End PBXGroup section */

/* Begin PBXNativeTarget section */
		2CCA0CA51ED209E8000287D3 /* nearby-places */ = {
			isa = PBXNativeTarget;
			buildConfigurationList = 2CCA0CB81ED209E9000287D3 /* Build configuration list for PBXNativeTarget "nearby-places" */;
			buildPhases = (
				B63DF0CAD7AB9832938C32EF /* [CP] Check Pods Manifest.lock */,
				2CCA0CA21ED209E8000287D3 /* Sources */,
				2CCA0CA31ED209E8000287D3 /* Frameworks */,
				2CCA0CA41ED209E8000287D3 /* Resources */,
				3DF116A5C8FE395A19507D94 /* [CP] Embed Pods Frameworks */,
				26C9FEF637007AAFB404448A /* [CP] Copy Pods Resources */,
			);
			buildRules = (
			);
			dependencies = (
			);
			name = "nearby-places";
			productName = "nearby-places";
			productReference = 2CCA0CA61ED209E9000287D3 /* nearby-places.app */;
			productType = "com.apple.product-type.application";
		};
/* End PBXNativeTarget section */

/* Begin PBXProject section */
		2CCA0C9E1ED209E8000287D3 /* Project object */ = {
			isa = PBXProject;
			attributes = {
				LastSwiftUpdateCheck = 0820;
				LastUpgradeCheck = 0820;
				ORGANIZATIONNAME = "Pedro Luis Valdivieso";
				TargetAttributes = {
					2CCA0CA51ED209E8000287D3 = {
						CreatedOnToolsVersion = 8.2.1;
						DevelopmentTeam = JCEYC37BLA;
						ProvisioningStyle = Automatic;
					};
				};
			};
			buildConfigurationList = 2CCA0CA11ED209E8000287D3 /* Build configuration list for PBXProject "nearby-places" */;
			compatibilityVersion = "Xcode 3.2";
			developmentRegion = English;
			hasScannedForEncodings = 0;
			knownRegions = (
				en,
				Base,
			);
			mainGroup = 2CCA0C9D1ED209E8000287D3;
			productRefGroup = 2CCA0CA71ED209E9000287D3 /* Products */;
			projectDirPath = "";
			projectRoot = "";
			targets = (
				2CCA0CA51ED209E8000287D3 /* nearby-places */,
			);
		};
/* End PBXProject section */

/* Begin PBXResourcesBuildPhase section */
		2CCA0CA41ED209E8000287D3 /* Resources */ = {
			isa = PBXResourcesBuildPhase;
			buildActionMask = 2147483647;
			files = (
				2CCA0CB41ED209E9000287D3 /* LaunchScreen.storyboard in Resources */,
				2CCA0CD41ED21B12000287D3 /* NearbyPlacesListViewCell.xib in Resources */,
				2CCA0CB11ED209E9000287D3 /* Assets.xcassets in Resources */,
				2CCA0CAF1ED209E9000287D3 /* Main.storyboard in Resources */,
			);
			runOnlyForDeploymentPostprocessing = 0;
		};
/* End PBXResourcesBuildPhase section */

/* Begin PBXShellScriptBuildPhase section */
		26C9FEF637007AAFB404448A /* [CP] Copy Pods Resources */ = {
			isa = PBXShellScriptBuildPhase;
			buildActionMask = 2147483647;
			files = (
			);
			inputPaths = (
			);
			name = "[CP] Copy Pods Resources";
			outputPaths = (
			);
			runOnlyForDeploymentPostprocessing = 0;
			shellPath = /bin/sh;
			shellScript = "\"${SRCROOT}/Pods/Target Support Files/Pods-nearby-places/Pods-nearby-places-resources.sh\"\n";
			showEnvVarsInLog = 0;
		};
		3DF116A5C8FE395A19507D94 /* [CP] Embed Pods Frameworks */ = {
			isa = PBXShellScriptBuildPhase;
			buildActionMask = 2147483647;
			files = (
			);
			inputPaths = (
			);
			name = "[CP] Embed Pods Frameworks";
			outputPaths = (
			);
			runOnlyForDeploymentPostprocessing = 0;
			shellPath = /bin/sh;
			shellScript = "\"${SRCROOT}/Pods/Target Support Files/Pods-nearby-places/Pods-nearby-places-frameworks.sh\"\n";
			showEnvVarsInLog = 0;
		};
		B63DF0CAD7AB9832938C32EF /* [CP] Check Pods Manifest.lock */ = {
			isa = PBXShellScriptBuildPhase;
			buildActionMask = 2147483647;
			files = (
			);
			inputPaths = (
			);
			name = "[CP] Check Pods Manifest.lock";
			outputPaths = (
			);
			runOnlyForDeploymentPostprocessing = 0;
			shellPath = /bin/sh;
			shellScript = "diff \"${PODS_ROOT}/../Podfile.lock\" \"${PODS_ROOT}/Manifest.lock\" > /dev/null\nif [ $? != 0 ] ; then\n    # print error to STDERR\n    echo \"error: The sandbox is not in sync with the Podfile.lock. Run 'pod install' or update your CocoaPods installation.\" >&2\n    exit 1\nfi\n";
			showEnvVarsInLog = 0;
		};
/* End PBXShellScriptBuildPhase section */

/* Begin PBXSourcesBuildPhase section */
		2CCA0CA21ED209E8000287D3 /* Sources */ = {
			isa = PBXSourcesBuildPhase;
			buildActionMask = 2147483647;
			files = (
				2CCA0CE81ED23568000287D3 /* NearbyPlacesFactory.swift in Sources */,
				2CCA0CAA1ED209E9000287D3 /* AppDelegate.swift in Sources */,
				2CCA0CC81ED20B82000287D3 /* NearbyPlacesListViewInterface.swift in Sources */,
				2CCA0CD31ED21B12000287D3 /* NearbyPlacesListViewCell.swift in Sources */,
				2CCA0CCF1ED20EED000287D3 /* NearbyPlacesListViewFactory.swift in Sources */,
				2CCA0CCA1ED20E79000287D3 /* NearbyPlacesListViewPresenter.swift in Sources */,
				2CCA0CE61ED23559000287D3 /* NearbyPlacesEntity.swift in Sources */,
				2CCA0CE41ED23542000287D3 /* NearbyPlacesRepository.swift in Sources */,
				2CCA0CDE1ED234DF000287D3 /* NearbyPlacesDataStore.swift in Sources */,
				2CCA0CC51ED20B67000287D3 /* NearbyPlacesListView.swift in Sources */,
				2CCA0CEB1ED23824000287D3 /* NearbyPlacesAppDefaults.swift in Sources */,
				2CCA0CCD1ED20E8D000287D3 /* NearbyPlacesListViewPresenterInterface.swift in Sources */,
				2CCA0CE21ED23508000287D3 /* NearbyPlacesDataStoreInterface.swift in Sources */,
				2CCA0CD71ED21CEB000287D3 /* NearbyPlacesListViewCollectionLayout.swift in Sources */,
			);
			runOnlyForDeploymentPostprocessing = 0;
		};
/* End PBXSourcesBuildPhase section */

/* Begin PBXVariantGroup section */
		2CCA0CAD1ED209E9000287D3 /* Main.storyboard */ = {
			isa = PBXVariantGroup;
			children = (
				2CCA0CAE1ED209E9000287D3 /* Base */,
			);
			name = Main.storyboard;
			sourceTree = "<group>";
		};
		2CCA0CB21ED209E9000287D3 /* LaunchScreen.storyboard */ = {
			isa = PBXVariantGroup;
			children = (
				2CCA0CB31ED209E9000287D3 /* Base */,
			);
			name = LaunchScreen.storyboard;
			sourceTree = "<group>";
		};
/* End PBXVariantGroup section */

/* Begin XCBuildConfiguration section */
		2CCA0CB61ED209E9000287D3 /* Debug */ = {
			isa = XCBuildConfiguration;
			buildSettings = {
				ALWAYS_SEARCH_USER_PATHS = NO;
				CLANG_ANALYZER_NONNULL = YES;
				CLANG_CXX_LANGUAGE_STANDARD = "gnu++0x";
				CLANG_CXX_LIBRARY = "libc++";
				CLANG_ENABLE_MODULES = YES;
				CLANG_ENABLE_OBJC_ARC = YES;
				CLANG_WARN_BOOL_CONVERSION = YES;
				CLANG_WARN_CONSTANT_CONVERSION = YES;
				CLANG_WARN_DIRECT_OBJC_ISA_USAGE = YES_ERROR;
				CLANG_WARN_DOCUMENTATION_COMMENTS = YES;
				CLANG_WARN_EMPTY_BODY = YES;
				CLANG_WARN_ENUM_CONVERSION = YES;
				CLANG_WARN_INFINITE_RECURSION = YES;
				CLANG_WARN_INT_CONVERSION = YES;
				CLANG_WARN_OBJC_ROOT_CLASS = YES_ERROR;
				CLANG_WARN_SUSPICIOUS_MOVE = YES;
				CLANG_WARN_UNREACHABLE_CODE = YES;
				CLANG_WARN__DUPLICATE_METHOD_MATCH = YES;
				"CODE_SIGN_IDENTITY[sdk=iphoneos*]" = "iPhone Developer";
				COPY_PHASE_STRIP = NO;
				DEBUG_INFORMATION_FORMAT = dwarf;
				ENABLE_STRICT_OBJC_MSGSEND = YES;
				ENABLE_TESTABILITY = YES;
				GCC_C_LANGUAGE_STANDARD = gnu99;
				GCC_DYNAMIC_NO_PIC = NO;
				GCC_NO_COMMON_BLOCKS = YES;
				GCC_OPTIMIZATION_LEVEL = 0;
				GCC_PREPROCESSOR_DEFINITIONS = (
					"DEBUG=1",
					"$(inherited)",
				);
				GCC_WARN_64_TO_32_BIT_CONVERSION = YES;
				GCC_WARN_ABOUT_RETURN_TYPE = YES_ERROR;
				GCC_WARN_UNDECLARED_SELECTOR = YES;
				GCC_WARN_UNINITIALIZED_AUTOS = YES_AGGRESSIVE;
				GCC_WARN_UNUSED_FUNCTION = YES;
				GCC_WARN_UNUSED_VARIABLE = YES;
				IPHONEOS_DEPLOYMENT_TARGET = 10.2;
				MTL_ENABLE_DEBUG_INFO = YES;
				ONLY_ACTIVE_ARCH = YES;
				SDKROOT = iphoneos;
				SWIFT_ACTIVE_COMPILATION_CONDITIONS = DEBUG;
				SWIFT_OPTIMIZATION_LEVEL = "-Onone";
			};
			name = Debug;
		};
		2CCA0CB71ED209E9000287D3 /* Release */ = {
			isa = XCBuildConfiguration;
			buildSettings = {
				ALWAYS_SEARCH_USER_PATHS = NO;
				CLANG_ANALYZER_NONNULL = YES;
				CLANG_CXX_LANGUAGE_STANDARD = "gnu++0x";
				CLANG_CXX_LIBRARY = "libc++";
				CLANG_ENABLE_MODULES = YES;
				CLANG_ENABLE_OBJC_ARC = YES;
				CLANG_WARN_BOOL_CONVERSION = YES;
				CLANG_WARN_CONSTANT_CONVERSION = YES;
				CLANG_WARN_DIRECT_OBJC_ISA_USAGE = YES_ERROR;
				CLANG_WARN_DOCUMENTATION_COMMENTS = YES;
				CLANG_WARN_EMPTY_BODY = YES;
				CLANG_WARN_ENUM_CONVERSION = YES;
				CLANG_WARN_INFINITE_RECURSION = YES;
				CLANG_WARN_INT_CONVERSION = YES;
				CLANG_WARN_OBJC_ROOT_CLASS = YES_ERROR;
				CLANG_WARN_SUSPICIOUS_MOVE = YES;
				CLANG_WARN_UNREACHABLE_CODE = YES;
				CLANG_WARN__DUPLICATE_METHOD_MATCH = YES;
				"CODE_SIGN_IDENTITY[sdk=iphoneos*]" = "iPhone Developer";
				COPY_PHASE_STRIP = NO;
				DEBUG_INFORMATION_FORMAT = "dwarf-with-dsym";
				ENABLE_NS_ASSERTIONS = NO;
				ENABLE_STRICT_OBJC_MSGSEND = YES;
				GCC_C_LANGUAGE_STANDARD = gnu99;
				GCC_NO_COMMON_BLOCKS = YES;
				GCC_WARN_64_TO_32_BIT_CONVERSION = YES;
				GCC_WARN_ABOUT_RETURN_TYPE = YES_ERROR;
				GCC_WARN_UNDECLARED_SELECTOR = YES;
				GCC_WARN_UNINITIALIZED_AUTOS = YES_AGGRESSIVE;
				GCC_WARN_UNUSED_FUNCTION = YES;
				GCC_WARN_UNUSED_VARIABLE = YES;
				IPHONEOS_DEPLOYMENT_TARGET = 10.2;
				MTL_ENABLE_DEBUG_INFO = NO;
				SDKROOT = iphoneos;
				SWIFT_OPTIMIZATION_LEVEL = "-Owholemodule";
				VALIDATE_PRODUCT = YES;
			};
			name = Release;
		};
		2CCA0CB91ED209E9000287D3 /* Debug */ = {
			isa = XCBuildConfiguration;
			baseConfigurationReference = 0148072CCB51971D5DBFF0AA /* Pods-nearby-places.debug.xcconfig */;
			buildSettings = {
				ASSETCATALOG_COMPILER_APPICON_NAME = AppIcon;
				DEVELOPMENT_TEAM = JCEYC37BLA;
				INFOPLIST_FILE = "nearby-places/Info.plist";
				LD_RUNPATH_SEARCH_PATHS = "$(inherited) @executable_path/Frameworks";
				PRODUCT_BUNDLE_IDENTIFIER = "com.ucv.nearby-places";
				PRODUCT_NAME = "$(TARGET_NAME)";
				SWIFT_VERSION = 3.0;
			};
			name = Debug;
		};
		2CCA0CBA1ED209E9000287D3 /* Release */ = {
			isa = XCBuildConfiguration;
			baseConfigurationReference = C5F5F87A35555E87770DDCCF /* Pods-nearby-places.release.xcconfig */;
			buildSettings = {
				ASSETCATALOG_COMPILER_APPICON_NAME = AppIcon;
				DEVELOPMENT_TEAM = JCEYC37BLA;
				INFOPLIST_FILE = "nearby-places/Info.plist";
				LD_RUNPATH_SEARCH_PATHS = "$(inherited) @executable_path/Frameworks";
				PRODUCT_BUNDLE_IDENTIFIER = "com.ucv.nearby-places";
				PRODUCT_NAME = "$(TARGET_NAME)";
				SWIFT_VERSION = 3.0;
			};
			name = Release;
		};
/* End XCBuildConfiguration section */

/* Begin XCConfigurationList section */
		2CCA0CA11ED209E8000287D3 /* Build configuration list for PBXProject "nearby-places" */ = {
			isa = XCConfigurationList;
			buildConfigurations = (
				2CCA0CB61ED209E9000287D3 /* Debug */,
				2CCA0CB71ED209E9000287D3 /* Release */,
			);
			defaultConfigurationIsVisible = 0;
			defaultConfigurationName = Release;
		};
		2CCA0CB81ED209E9000287D3 /* Build configuration list for PBXNativeTarget "nearby-places" */ = {
			isa = XCConfigurationList;
			buildConfigurations = (
				2CCA0CB91ED209E9000287D3 /* Debug */,
				2CCA0CBA1ED209E9000287D3 /* Release */,
			);
			defaultConfigurationIsVisible = 0;
			defaultConfigurationName = Release;
		};
/* End XCConfigurationList section */
	};
	rootObject = 2CCA0C9E1ED209E8000287D3 /* Project object */;
}
